
Microsoft Visual Studio Solution File, Format Version 12.00
# Visual Studio Version 16
VisualStudioVersion = 16.0.31005.135
MinimumVisualStudioVersion = 10.0.40219.1
Project("{FAE04EC0-301F-11D3-BF4B-00C04F79EFBC}") = "Prova", "Prova\Prova.csproj", "{DE2F8C37-9007-4588-9A78-D2EBE56A3B56}"
EndProject
Global
	GlobalSection(SolutionConfigurationPlatforms) = preSolution
		Debug|Any CPU = Debug|Any CPU
		Release|Any CPU = Release|Any CPU
	EndGlobalSection
	GlobalSection(ProjectConfigurationPlatforms) = postSolution
		{DE2F8C37-9007-4588-9A78-D2EBE56A3B56}.Debug|Any CPU.ActiveCfg = Debug|Any CPU
		{DE2F8C37-9007-4588-9A78-D2EBE56A3B56}.Debug|Any CPU.Build.0 = Debug|Any CPU
		{DE2F8C37-9007-4588-9A78-D2EBE56A3B56}.Release|Any CPU.ActiveCfg = Release|Any CPU
		{DE2F8C37-9007-4588-9A78-D2EBE56A3B56}.Release|Any CPU.Build.0 = Release|Any CPU
	EndGlobalSection
	GlobalSection(SolutionProperties) = preSolution
		HideSolutionNode = FALSE
	EndGlobalSection
	GlobalSection(ExtensibilityGlobals) = postSolution
		SolutionGuid = {EF37CF57-3F0A-44FA-B8EF-1C9858259FFC}
	EndGlobalSection
EndGlobal
